
Microsoft Visual Studio Solution File, Format Version 12.00
# Visual Studio 15
VisualStudioVersion = 15.0.27428.2005
MinimumVisualStudioVersion = 10.0.40219.1
Project("{FAE04EC0-301F-11D3-BF4B-00C04F79EFBC}") = "MordernDesignInXamlToolKit", "MordernDesignInXamlToolKit\MordernDesignInXamlToolKit.csproj", "{D53D2098-CF3C-48AC-A7C7-A3CDC2DF1D4A}"
EndProject
Global
	GlobalSection(SolutionConfigurationPlatforms) = preSolution
		Debug|Any CPU = Debug|Any CPU
		Release|Any CPU = Release|Any CPU
	EndGlobalSection
	GlobalSection(ProjectConfigurationPlatforms) = postSolution
		{D53D2098-CF3C-48AC-A7C7-A3CDC2DF1D4A}.Debug|Any CPU.ActiveCfg = Debug|Any CPU
		{D53D2098-CF3C-48AC-A7C7-A3CDC2DF1D4A}.Debug|Any CPU.Build.0 = Debug|Any CPU
		{D53D2098-CF3C-48AC-A7C7-A3CDC2DF1D4A}.Release|Any CPU.ActiveCfg = Release|Any CPU
		{D53D2098-CF3C-48AC-A7C7-A3CDC2DF1D4A}.Release|Any CPU.Build.0 = Release|Any CPU
	EndGlobalSection
	GlobalSection(SolutionProperties) = preSolution
		HideSolutionNode = FALSE
	EndGlobalSection
	GlobalSection(ExtensibilityGlobals) = postSolution
		SolutionGuid = {F3C68C27-6FD2-4343-BFE4-B8B01BC30A4C}
	EndGlobalSection
EndGlobal
